// !$*UTF8*$!
{
	archiveVersion = 1;
	classes = {
	};
	objectVersion = 46;
	objects = {

/* Begin PBXBuildFile section */
		19018A772740565300113A8A /* QueueTest.swift in Sources */ = {isa = PBXBuildFile; fileRef = 19018A762740565300113A8A /* QueueTest.swift */; };
		19018A792740613700113A8A /* BoardGameManagerTest.swift in Sources */ = {isa = PBXBuildFile; fileRef = 19018A782740613700113A8A /* BoardGameManagerTest.swift */; };
		1902E7F82733B52700808B0B /* ProductSortingTest.swift in Sources */ = {isa = PBXBuildFile; fileRef = 1902E7F72733B52700808B0B /* ProductSortingTest.swift */; };
		1902E863273454EB00808B0B /* ProductRating.swift in Sources */ = {isa = PBXBuildFile; fileRef = 1902E862273454EB00808B0B /* ProductRating.swift */; };
		1902E865273A443A00808B0B /* ZigzagConversion.swift in Sources */ = {isa = PBXBuildFile; fileRef = 1902E864273A443A00808B0B /* ZigzagConversion.swift */; };
		1902E867273A46BA00808B0B /* ZigzagConversionTest.swift in Sources */ = {isa = PBXBuildFile; fileRef = 1902E866273A46BA00808B0B /* ZigzagConversionTest.swift */; };
		1902E869273A53D400808B0B /* Palindrome.swift in Sources */ = {isa = PBXBuildFile; fileRef = 1902E868273A53D400808B0B /* Palindrome.swift */; };
		1902E86B273A541600808B0B /* PalindromeTest.swift in Sources */ = {isa = PBXBuildFile; fileRef = 1902E86A273A541600808B0B /* PalindromeTest.swift */; };
		1902E86E273A5C5D00808B0B /* UniqueEmailAddresses.swift in Sources */ = {isa = PBXBuildFile; fileRef = 1902E86D273A5C5D00808B0B /* UniqueEmailAddresses.swift */; };
		1902E871273A5C9800808B0B /* UniqueEmailAddressesTest.swift in Sources */ = {isa = PBXBuildFile; fileRef = 1902E870273A5C9800808B0B /* UniqueEmailAddressesTest.swift */; };
		1902E873273A669E00808B0B /* LicenseKeyFormatting.swift in Sources */ = {isa = PBXBuildFile; fileRef = 1902E872273A669E00808B0B /* LicenseKeyFormatting.swift */; };
		1902E875273A66D000808B0B /* LicenseKeyFormattingTest.swift in Sources */ = {isa = PBXBuildFile; fileRef = 1902E874273A66D000808B0B /* LicenseKeyFormattingTest.swift */; };
		1902E878274041C600808B0B /* Stack.swift in Sources */ = {isa = PBXBuildFile; fileRef = 1902E877274041C600808B0B /* Stack.swift */; };
		1902E87B2740430700808B0B /* StackTest.swift in Sources */ = {isa = PBXBuildFile; fileRef = 1902E87A2740430700808B0B /* StackTest.swift */; };
		1902E87D27404BFC00808B0B /* StackChallengeTestCase.swift in Sources */ = {isa = PBXBuildFile; fileRef = 1902E87C27404BFC00808B0B /* StackChallengeTestCase.swift */; };
		1902E880274051DE00808B0B /* Queue.swift in Sources */ = {isa = PBXBuildFile; fileRef = 1902E87F274051DE00808B0B /* Queue.swift */; };
		19B73085272F89CC009E6C1C /* Spacecraft.swift in Sources */ = {isa = PBXBuildFile; fileRef = 19B73084272F89CC009E6C1C /* Spacecraft.swift */; };
		19B73088272F8F26009E6C1C /* SpacecraftTest.swift in Sources */ = {isa = PBXBuildFile; fileRef = 19B73087272F8F26009E6C1C /* SpacecraftTest.swift */; };
		19D1C6F527303DA2000602E1 /* IDCodeVerification.swift in Sources */ = {isa = PBXBuildFile; fileRef = 19D1C6F427303DA2000602E1 /* IDCodeVerification.swift */; };
		19D1C6F627303DA2000602E1 /* IDCodeVerification.swift in Sources */ = {isa = PBXBuildFile; fileRef = 19D1C6F427303DA2000602E1 /* IDCodeVerification.swift */; };
		19D1C6F827303E57000602E1 /* IDVerificationTest.swift in Sources */ = {isa = PBXBuildFile; fileRef = 19D1C6F727303E57000602E1 /* IDVerificationTest.swift */; };
		19D1C6FA2731A0A9000602E1 /* TowSum.swift in Sources */ = {isa = PBXBuildFile; fileRef = 19D1C6F92731A0A9000602E1 /* TowSum.swift */; };
		19D1C6FD2731A634000602E1 /* TwoSumTest.swift in Sources */ = {isa = PBXBuildFile; fileRef = 19D1C6FC2731A634000602E1 /* TwoSumTest.swift */; };
		19D1C6FF2731A969000602E1 /* AddTwoNumber_LinkedList.swift in Sources */ = {isa = PBXBuildFile; fileRef = 19D1C6FE2731A969000602E1 /* AddTwoNumber_LinkedList.swift */; };
		19D1C7012731AD8F000602E1 /* AddTwoNumber_LinkedList_Test.swift in Sources */ = {isa = PBXBuildFile; fileRef = 19D1C7002731AD8F000602E1 /* AddTwoNumber_LinkedList_Test.swift */; };
		19D1C7032731DD86000602E1 /* LongestSubstring.swift in Sources */ = {isa = PBXBuildFile; fileRef = 19D1C7022731DD86000602E1 /* LongestSubstring.swift */; };
		19D1C7052731E510000602E1 /* LongestSubstringTest.swift in Sources */ = {isa = PBXBuildFile; fileRef = 19D1C7042731E510000602E1 /* LongestSubstringTest.swift */; };
		19D1C7072731ED6A000602E1 /* FindMedianSortedArray.swift in Sources */ = {isa = PBXBuildFile; fileRef = 19D1C7062731ED6A000602E1 /* FindMedianSortedArray.swift */; };
		19D1C7092731EF1B000602E1 /* FindMedianSortedArrayTest.swift in Sources */ = {isa = PBXBuildFile; fileRef = 19D1C7082731EF1B000602E1 /* FindMedianSortedArrayTest.swift */; };
		19D1C70B2732FDBF000602E1 /* ProductDataSorting.swift in Sources */ = {isa = PBXBuildFile; fileRef = 19D1C70A2732FDBF000602E1 /* ProductDataSorting.swift */; };
		D00E79801C99C3250055C862 /* DataStructure.h in Headers */ = {isa = PBXBuildFile; fileRef = D00E797F1C99C3250055C862 /* DataStructure.h */; settings = {ATTRIBUTES = (Public, ); }; };
		D00E79871C99C3250055C862 /* DataStructure.framework in Frameworks */ = {isa = PBXBuildFile; fileRef = D00E797C1C99C3250055C862 /* DataStructure.framework */; };
		D00E798C1C99C3250055C862 /* DataStructureTests.swift in Sources */ = {isa = PBXBuildFile; fileRef = D00E798B1C99C3250055C862 /* DataStructureTests.swift */; };
		D00E79991C99C57B0055C862 /* Factorial.swift in Sources */ = {isa = PBXBuildFile; fileRef = D00E79981C99C57B0055C862 /* Factorial.swift */; };
		D00E799B1C9BF27C0055C862 /* BasicFunctions.swift in Sources */ = {isa = PBXBuildFile; fileRef = D00E799A1C9BF27C0055C862 /* BasicFunctions.swift */; };
		D00FDAA31CBCAAB7008E128C /* SortingAlgorithms.swift in Sources */ = {isa = PBXBuildFile; fileRef = D00FDAA21CBCAAB7008E128C /* SortingAlgorithms.swift */; };
		D00FDAA51CBCB149008E128C /* SortingAlgorithmsTest.swift in Sources */ = {isa = PBXBuildFile; fileRef = D00FDAA41CBCB149008E128C /* SortingAlgorithmsTest.swift */; };
		D04BABE21CAC12790085EB59 /* FreeShippingThresold.swift in Sources */ = {isa = PBXBuildFile; fileRef = D04BABE11CAC12790085EB59 /* FreeShippingThresold.swift */; };
		D04BABE41CAC14110085EB59 /* RetailMeNotTests.swift in Sources */ = {isa = PBXBuildFile; fileRef = D04BABE31CAC14110085EB59 /* RetailMeNotTests.swift */; };
		D09BDA991CA0CC9D003C441B /* Card.swift in Sources */ = {isa = PBXBuildFile; fileRef = D09BDA981CA0CC9D003C441B /* Card.swift */; };
		D09BDA9B1CA1999B003C441B /* CardTests.swift in Sources */ = {isa = PBXBuildFile; fileRef = D09BDA9A1CA1999B003C441B /* CardTests.swift */; };
		D0D393751CAC3DD30087497E /* IntExtension.swift in Sources */ = {isa = PBXBuildFile; fileRef = D0D393741CAC3DD30087497E /* IntExtension.swift */; };
		D0D598481CA04AC400FB71FA /* BinarySearchTree.swift in Sources */ = {isa = PBXBuildFile; fileRef = D0D598471CA04AC400FB71FA /* BinarySearchTree.swift */; };
		D0E65F771CCDCEA500913D9E /* StringProblems.swift in Sources */ = {isa = PBXBuildFile; fileRef = D0E65F761CCDCEA500913D9E /* StringProblems.swift */; };
		D0E65F791CCDCEC900913D9E /* Anagram.swift in Sources */ = {isa = PBXBuildFile; fileRef = D0E65F781CCDCEC900913D9E /* Anagram.swift */; };
		D0E65F7C1CCDD21F00913D9E /* StringTests.swift in Sources */ = {isa = PBXBuildFile; fileRef = D0E65F7B1CCDD21F00913D9E /* StringTests.swift */; };
		D0E65F7F1CCDD6BC00913D9E /* TicTacToe.swift in Sources */ = {isa = PBXBuildFile; fileRef = D0E65F7E1CCDD6BC00913D9E /* TicTacToe.swift */; };
		D0E65F821CCDDE4300913D9E /* TicTacToeTest.swift in Sources */ = {isa = PBXBuildFile; fileRef = D0E65F811CCDDE4300913D9E /* TicTacToeTest.swift */; };
		D0E65F841CCDDED000913D9E /* ReflectedStringConvertible.swift in Sources */ = {isa = PBXBuildFile; fileRef = D0E65F831CCDDED000913D9E /* ReflectedStringConvertible.swift */; };
		D0E65F871CCDF12000913D9E /* BitWiseOperations.swift in Sources */ = {isa = PBXBuildFile; fileRef = D0E65F861CCDF12000913D9E /* BitWiseOperations.swift */; };
		D0E65F8A1CCDF22D00913D9E /* BitWiseOperationsTest.swift in Sources */ = {isa = PBXBuildFile; fileRef = D0E65F891CCDF22D00913D9E /* BitWiseOperationsTest.swift */; };
		D0E65F8C1CCDF74700913D9E /* NumberToWords.swift in Sources */ = {isa = PBXBuildFile; fileRef = D0E65F8B1CCDF74700913D9E /* NumberToWords.swift */; };
		D0E65F8E1CCF292300913D9E /* ReverseTheWord.swift in Sources */ = {isa = PBXBuildFile; fileRef = D0E65F8D1CCF292300913D9E /* ReverseTheWord.swift */; };
		D0E65F901CCF3B5800913D9E /* SecondLargestElements.swift in Sources */ = {isa = PBXBuildFile; fileRef = D0E65F8F1CCF3B5800913D9E /* SecondLargestElements.swift */; };
		D0E65F931CCF585E00913D9E /* LinkedListTests.swift in Sources */ = {isa = PBXBuildFile; fileRef = D0E65F921CCF585E00913D9E /* LinkedListTests.swift */; };
		D0FEE15E1CC864EB00DA2D76 /* FizzBuzz.swift in Sources */ = {isa = PBXBuildFile; fileRef = D0FEE15D1CC864EB00DA2D76 /* FizzBuzz.swift */; };
		D0FEE1601CC8741B00DA2D76 /* Fibonacci.swift in Sources */ = {isa = PBXBuildFile; fileRef = D0FEE15F1CC8741B00DA2D76 /* Fibonacci.swift */; };
		D0FEE1631CC878CD00DA2D76 /* Utils.swift in Sources */ = {isa = PBXBuildFile; fileRef = D0FEE1621CC878CD00DA2D76 /* Utils.swift */; };
		D0FEE1661CC8E9A300DA2D76 /* LRUCache.swift in Sources */ = {isa = PBXBuildFile; fileRef = D0FEE1651CC8E9A300DA2D76 /* LRUCache.swift */; };
/* End PBXBuildFile section */

/* Begin PBXContainerItemProxy section */
		D00E79881C99C3250055C862 /* PBXContainerItemProxy */ = {
			isa = PBXContainerItemProxy;
			containerPortal = D00E79731C99C3250055C862 /* Project object */;
			proxyType = 1;
			remoteGlobalIDString = D00E797B1C99C3250055C862;
			remoteInfo = DataStructure;
		};
/* End PBXContainerItemProxy section */

/* Begin PBXFileReference section */
		19018A762740565300113A8A /* QueueTest.swift */ = {isa = PBXFileReference; lastKnownFileType = sourcecode.swift; name = QueueTest.swift; path = Queue/QueueTest.swift; sourceTree = "<group>"; };
		19018A782740613700113A8A /* BoardGameManagerTest.swift */ = {isa = PBXFileReference; lastKnownFileType = sourcecode.swift; name = BoardGameManagerTest.swift; path = Queue/BoardGameManagerTest.swift; sourceTree = "<group>"; };
		1902E7F72733B52700808B0B /* ProductSortingTest.swift */ = {isa = PBXFileReference; lastKnownFileType = sourcecode.swift; path = ProductSortingTest.swift; sourceTree = "<group>"; };
		1902E862273454EB00808B0B /* ProductRating.swift */ = {isa = PBXFileReference; lastKnownFileType = sourcecode.swift; path = ProductRating.swift; sourceTree = "<group>"; };
		1902E864273A443A00808B0B /* ZigzagConversion.swift */ = {isa = PBXFileReference; lastKnownFileType = sourcecode.swift; path = ZigzagConversion.swift; sourceTree = "<group>"; };
		1902E866273A46BA00808B0B /* ZigzagConversionTest.swift */ = {isa = PBXFileReference; lastKnownFileType = sourcecode.swift; name = ZigzagConversionTest.swift; path = Strings/ZigzagConversionTest.swift; sourceTree = "<group>"; };
		1902E868273A53D400808B0B /* Palindrome.swift */ = {isa = PBXFileReference; lastKnownFileType = sourcecode.swift; path = Palindrome.swift; sourceTree = "<group>"; };
		1902E86A273A541600808B0B /* PalindromeTest.swift */ = {isa = PBXFileReference; lastKnownFileType = sourcecode.swift; name = PalindromeTest.swift; path = Strings/PalindromeTest.swift; sourceTree = "<group>"; };
		1902E86D273A5C5D00808B0B /* UniqueEmailAddresses.swift */ = {isa = PBXFileReference; lastKnownFileType = sourcecode.swift; path = UniqueEmailAddresses.swift; sourceTree = "<group>"; };
		1902E870273A5C9800808B0B /* UniqueEmailAddressesTest.swift */ = {isa = PBXFileReference; lastKnownFileType = sourcecode.swift; path = UniqueEmailAddressesTest.swift; sourceTree = "<group>"; };
		1902E872273A669E00808B0B /* LicenseKeyFormatting.swift */ = {isa = PBXFileReference; lastKnownFileType = sourcecode.swift; path = LicenseKeyFormatting.swift; sourceTree = "<group>"; };
		1902E874273A66D000808B0B /* LicenseKeyFormattingTest.swift */ = {isa = PBXFileReference; lastKnownFileType = sourcecode.swift; path = LicenseKeyFormattingTest.swift; sourceTree = "<group>"; };
		1902E877274041C600808B0B /* Stack.swift */ = {isa = PBXFileReference; lastKnownFileType = sourcecode.swift; path = Stack.swift; sourceTree = "<group>"; };
		1902E87A2740430700808B0B /* StackTest.swift */ = {isa = PBXFileReference; lastKnownFileType = sourcecode.swift; path = StackTest.swift; sourceTree = "<group>"; };
		1902E87C27404BFC00808B0B /* StackChallengeTestCase.swift */ = {isa = PBXFileReference; lastKnownFileType = sourcecode.swift; path = StackChallengeTestCase.swift; sourceTree = "<group>"; };
		1902E87F274051DE00808B0B /* Queue.swift */ = {isa = PBXFileReference; lastKnownFileType = sourcecode.swift; path = Queue.swift; sourceTree = "<group>"; };
		19B73084272F89CC009E6C1C /* Spacecraft.swift */ = {isa = PBXFileReference; lastKnownFileType = sourcecode.swift; path = Spacecraft.swift; sourceTree = "<group>"; };
		19B73087272F8F26009E6C1C /* SpacecraftTest.swift */ = {isa = PBXFileReference; lastKnownFileType = sourcecode.swift; path = SpacecraftTest.swift; sourceTree = "<group>"; };
		19D1C6F427303DA2000602E1 /* IDCodeVerification.swift */ = {isa = PBXFileReference; lastKnownFileType = sourcecode.swift; path = IDCodeVerification.swift; sourceTree = "<group>"; };
		19D1C6F727303E57000602E1 /* IDVerificationTest.swift */ = {isa = PBXFileReference; lastKnownFileType = sourcecode.swift; path = IDVerificationTest.swift; sourceTree = "<group>"; };
		19D1C6F92731A0A9000602E1 /* TowSum.swift */ = {isa = PBXFileReference; lastKnownFileType = sourcecode.swift; path = TowSum.swift; sourceTree = "<group>"; };
		19D1C6FC2731A634000602E1 /* TwoSumTest.swift */ = {isa = PBXFileReference; lastKnownFileType = sourcecode.swift; path = TwoSumTest.swift; sourceTree = "<group>"; };
		19D1C6FE2731A969000602E1 /* AddTwoNumber_LinkedList.swift */ = {isa = PBXFileReference; lastKnownFileType = sourcecode.swift; path = AddTwoNumber_LinkedList.swift; sourceTree = "<group>"; };
		19D1C7002731AD8F000602E1 /* AddTwoNumber_LinkedList_Test.swift */ = {isa = PBXFileReference; lastKnownFileType = sourcecode.swift; path = AddTwoNumber_LinkedList_Test.swift; sourceTree = "<group>"; };
		19D1C7022731DD86000602E1 /* LongestSubstring.swift */ = {isa = PBXFileReference; lastKnownFileType = sourcecode.swift; path = LongestSubstring.swift; sourceTree = "<group>"; };
		19D1C7042731E510000602E1 /* LongestSubstringTest.swift */ = {isa = PBXFileReference; lastKnownFileType = sourcecode.swift; name = LongestSubstringTest.swift; path = Strings/LongestSubstringTest.swift; sourceTree = "<group>"; };
		19D1C7062731ED6A000602E1 /* FindMedianSortedArray.swift */ = {isa = PBXFileReference; lastKnownFileType = sourcecode.swift; path = FindMedianSortedArray.swift; sourceTree = "<group>"; };
		19D1C7082731EF1B000602E1 /* FindMedianSortedArrayTest.swift */ = {isa = PBXFileReference; lastKnownFileType = sourcecode.swift; path = FindMedianSortedArrayTest.swift; sourceTree = "<group>"; };
		19D1C70A2732FDBF000602E1 /* ProductDataSorting.swift */ = {isa = PBXFileReference; lastKnownFileType = sourcecode.swift; path = ProductDataSorting.swift; sourceTree = "<group>"; };
		D00E797C1C99C3250055C862 /* DataStructure.framework */ = {isa = PBXFileReference; explicitFileType = wrapper.framework; includeInIndex = 0; path = DataStructure.framework; sourceTree = BUILT_PRODUCTS_DIR; };
		D00E797F1C99C3250055C862 /* DataStructure.h */ = {isa = PBXFileReference; lastKnownFileType = sourcecode.c.h; path = DataStructure.h; sourceTree = "<group>"; };
		D00E79811C99C3250055C862 /* Info.plist */ = {isa = PBXFileReference; lastKnownFileType = text.plist.xml; path = Info.plist; sourceTree = "<group>"; };
		D00E79861C99C3250055C862 /* DataStructureTests.xctest */ = {isa = PBXFileReference; explicitFileType = wrapper.cfbundle; includeInIndex = 0; path = DataStructureTests.xctest; sourceTree = BUILT_PRODUCTS_DIR; };
		D00E798B1C99C3250055C862 /* DataStructureTests.swift */ = {isa = PBXFileReference; lastKnownFileType = sourcecode.swift; path = DataStructureTests.swift; sourceTree = "<group>"; };
		D00E798D1C99C3250055C862 /* Info.plist */ = {isa = PBXFileReference; lastKnownFileType = text.plist.xml; path = Info.plist; sourceTree = "<group>"; };
		D00E79981C99C57B0055C862 /* Factorial.swift */ = {isa = PBXFileReference; fileEncoding = 4; lastKnownFileType = sourcecode.swift; path = Factorial.swift; sourceTree = "<group>"; };
		D00E799A1C9BF27C0055C862 /* BasicFunctions.swift */ = {isa = PBXFileReference; fileEncoding = 4; lastKnownFileType = sourcecode.swift; path = BasicFunctions.swift; sourceTree = "<group>"; };
		D00FDAA21CBCAAB7008E128C /* SortingAlgorithms.swift */ = {isa = PBXFileReference; fileEncoding = 4; lastKnownFileType = sourcecode.swift; name = SortingAlgorithms.swift; path = Array/SortingAlgorithms.swift; sourceTree = "<group>"; };
		D00FDAA41CBCB149008E128C /* SortingAlgorithmsTest.swift */ = {isa = PBXFileReference; fileEncoding = 4; lastKnownFileType = sourcecode.swift; name = SortingAlgorithmsTest.swift; path = ArrayOperations/SortingAlgorithmsTest.swift; sourceTree = "<group>"; };
		D04BABE11CAC12790085EB59 /* FreeShippingThresold.swift */ = {isa = PBXFileReference; fileEncoding = 4; lastKnownFileType = sourcecode.swift; name = FreeShippingThresold.swift; path = RetailMeNot/FreeShippingThresold.swift; sourceTree = "<group>"; };
		D04BABE31CAC14110085EB59 /* RetailMeNotTests.swift */ = {isa = PBXFileReference; fileEncoding = 4; lastKnownFileType = sourcecode.swift; name = RetailMeNotTests.swift; path = RetailMeNot/RetailMeNotTests.swift; sourceTree = "<group>"; };
		D09BDA981CA0CC9D003C441B /* Card.swift */ = {isa = PBXFileReference; fileEncoding = 4; lastKnownFileType = sourcecode.swift; name = Card.swift; path = Cards/Card.swift; sourceTree = "<group>"; };
		D09BDA9A1CA1999B003C441B /* CardTests.swift */ = {isa = PBXFileReference; fileEncoding = 4; lastKnownFileType = sourcecode.swift; name = CardTests.swift; path = Cards/CardTests.swift; sourceTree = "<group>"; };
		D0D393741CAC3DD30087497E /* IntExtension.swift */ = {isa = PBXFileReference; fileEncoding = 4; lastKnownFileType = sourcecode.swift; name = IntExtension.swift; path = Extension/IntExtension.swift; sourceTree = "<group>"; };
		D0D598471CA04AC400FB71FA /* BinarySearchTree.swift */ = {isa = PBXFileReference; fileEncoding = 4; lastKnownFileType = sourcecode.swift; name = BinarySearchTree.swift; path = Tree/BinarySearchTree.swift; sourceTree = "<group>"; };
		D0E65F761CCDCEA500913D9E /* StringProblems.swift */ = {isa = PBXFileReference; fileEncoding = 4; lastKnownFileType = sourcecode.swift; path = StringProblems.swift; sourceTree = "<group>"; };
		D0E65F781CCDCEC900913D9E /* Anagram.swift */ = {isa = PBXFileReference; fileEncoding = 4; lastKnownFileType = sourcecode.swift; name = Anagram.swift; path = String/Anagram.swift; sourceTree = "<group>"; };
		D0E65F7B1CCDD21F00913D9E /* StringTests.swift */ = {isa = PBXFileReference; fileEncoding = 4; lastKnownFileType = sourcecode.swift; name = StringTests.swift; path = Strings/StringTests.swift; sourceTree = "<group>"; };
		D0E65F7E1CCDD6BC00913D9E /* TicTacToe.swift */ = {isa = PBXFileReference; fileEncoding = 4; lastKnownFileType = sourcecode.swift; name = TicTacToe.swift; path = TicTacToe/TicTacToe.swift; sourceTree = "<group>"; };
		D0E65F811CCDDE4300913D9E /* TicTacToeTest.swift */ = {isa = PBXFileReference; fileEncoding = 4; lastKnownFileType = sourcecode.swift; name = TicTacToeTest.swift; path = TicTacToe/TicTacToeTest.swift; sourceTree = "<group>"; };
		D0E65F831CCDDED000913D9E /* ReflectedStringConvertible.swift */ = {isa = PBXFileReference; fileEncoding = 4; lastKnownFileType = sourcecode.swift; name = ReflectedStringConvertible.swift; path = Utils/ReflectedStringConvertible.swift; sourceTree = "<group>"; };
		D0E65F861CCDF12000913D9E /* BitWiseOperations.swift */ = {isa = PBXFileReference; fileEncoding = 4; lastKnownFileType = sourcecode.swift; path = BitWiseOperations.swift; sourceTree = "<group>"; };
		D0E65F891CCDF22D00913D9E /* BitWiseOperationsTest.swift */ = {isa = PBXFileReference; fileEncoding = 4; lastKnownFileType = sourcecode.swift; name = BitWiseOperationsTest.swift; path = BitWise/BitWiseOperationsTest.swift; sourceTree = "<group>"; };
		D0E65F8B1CCDF74700913D9E /* NumberToWords.swift */ = {isa = PBXFileReference; fileEncoding = 4; lastKnownFileType = sourcecode.swift; name = NumberToWords.swift; path = String/NumberToWords.swift; sourceTree = "<group>"; };
		D0E65F8D1CCF292300913D9E /* ReverseTheWord.swift */ = {isa = PBXFileReference; fileEncoding = 4; lastKnownFileType = sourcecode.swift; name = ReverseTheWord.swift; path = String/ReverseTheWord.swift; sourceTree = "<group>"; };
		D0E65F8F1CCF3B5800913D9E /* SecondLargestElements.swift */ = {isa = PBXFileReference; fileEncoding = 4; lastKnownFileType = sourcecode.swift; name = SecondLargestElements.swift; path = Array/SecondLargestElements.swift; sourceTree = "<group>"; };
		D0E65F921CCF585E00913D9E /* LinkedListTests.swift */ = {isa = PBXFileReference; fileEncoding = 4; lastKnownFileType = sourcecode.swift; name = LinkedListTests.swift; path = LinkedList/LinkedListTests.swift; sourceTree = "<group>"; };
		D0FEE15D1CC864EB00DA2D76 /* FizzBuzz.swift */ = {isa = PBXFileReference; fileEncoding = 4; lastKnownFileType = sourcecode.swift; name = FizzBuzz.swift; path = RetailMeNot/FizzBuzz.swift; sourceTree = "<group>"; };
		D0FEE15F1CC8741B00DA2D76 /* Fibonacci.swift */ = {isa = PBXFileReference; fileEncoding = 4; lastKnownFileType = sourcecode.swift; path = Fibonacci.swift; sourceTree = "<group>"; };
		D0FEE1621CC878CD00DA2D76 /* Utils.swift */ = {isa = PBXFileReference; fileEncoding = 4; lastKnownFileType = sourcecode.swift; name = Utils.swift; path = Utils/Utils.swift; sourceTree = "<group>"; };
		D0FEE1651CC8E9A300DA2D76 /* LRUCache.swift */ = {isa = PBXFileReference; fileEncoding = 4; lastKnownFileType = sourcecode.swift; name = LRUCache.swift; path = LinkedList/LRUCache.swift; sourceTree = "<group>"; };
/* End PBXFileReference section */

/* Begin PBXFrameworksBuildPhase section */
		D00E79781C99C3250055C862 /* Frameworks */ = {
			isa = PBXFrameworksBuildPhase;
			buildActionMask = 2147483647;
			files = (
			);
			runOnlyForDeploymentPostprocessing = 0;
		};
		D00E79831C99C3250055C862 /* Frameworks */ = {
			isa = PBXFrameworksBuildPhase;
			buildActionMask = 2147483647;
			files = (
				D00E79871C99C3250055C862 /* DataStructure.framework in Frameworks */,
			);
			runOnlyForDeploymentPostprocessing = 0;
		};
/* End PBXFrameworksBuildPhase section */

/* Begin PBXGroup section */
		19018A752740562600113A8A /* Queue */ = {
			isa = PBXGroup;
			children = (
				19018A762740565300113A8A /* QueueTest.swift */,
				19018A782740613700113A8A /* BoardGameManagerTest.swift */,
			);
			name = Queue;
			sourceTree = "<group>";
		};
		1902E86C273A5C3E00808B0B /* Google */ = {
			isa = PBXGroup;
			children = (
				1902E86D273A5C5D00808B0B /* UniqueEmailAddresses.swift */,
				1902E872273A669E00808B0B /* LicenseKeyFormatting.swift */,
			);
			path = Google;
			sourceTree = "<group>";
		};
		1902E86F273A5C8400808B0B /* Google */ = {
			isa = PBXGroup;
			children = (
				1902E870273A5C9800808B0B /* UniqueEmailAddressesTest.swift */,
				1902E874273A66D000808B0B /* LicenseKeyFormattingTest.swift */,
			);
			path = Google;
			sourceTree = "<group>";
		};
		1902E876274041B400808B0B /* Stack */ = {
			isa = PBXGroup;
			children = (
				1902E877274041C600808B0B /* Stack.swift */,
			);
			path = Stack;
			sourceTree = "<group>";
		};
		1902E879274042F400808B0B /* Stack */ = {
			isa = PBXGroup;
			children = (
				1902E87A2740430700808B0B /* StackTest.swift */,
				1902E87C27404BFC00808B0B /* StackChallengeTestCase.swift */,
			);
			path = Stack;
			sourceTree = "<group>";
		};
		1902E87E274051CE00808B0B /* Queue */ = {
			isa = PBXGroup;
			children = (
				1902E87F274051DE00808B0B /* Queue.swift */,
			);
			path = Queue;
			sourceTree = "<group>";
		};
		19B73081272F894F009E6C1C /* Shopify */ = {
			isa = PBXGroup;
			children = (
				19B73084272F89CC009E6C1C /* Spacecraft.swift */,
				19D1C6F427303DA2000602E1 /* IDCodeVerification.swift */,
				19D1C70A2732FDBF000602E1 /* ProductDataSorting.swift */,
				1902E862273454EB00808B0B /* ProductRating.swift */,
			);
			path = Shopify;
			sourceTree = "<group>";
		};
		19B73086272F8F0D009E6C1C /* Shopify */ = {
			isa = PBXGroup;
			children = (
				19B73087272F8F26009E6C1C /* SpacecraftTest.swift */,
				19D1C6F727303E57000602E1 /* IDVerificationTest.swift */,
				1902E7F72733B52700808B0B /* ProductSortingTest.swift */,
			);
			path = Shopify;
			sourceTree = "<group>";
		};
		19D1C6FB2731A61E000602E1 /* Array */ = {
			isa = PBXGroup;
			children = (
				19D1C6FC2731A634000602E1 /* TwoSumTest.swift */,
				19D1C7002731AD8F000602E1 /* AddTwoNumber_LinkedList_Test.swift */,
				19D1C7082731EF1B000602E1 /* FindMedianSortedArrayTest.swift */,
			);
			path = Array;
			sourceTree = "<group>";
		};
		D00E79721C99C3250055C862 = {
			isa = PBXGroup;
			children = (
				D00E797E1C99C3250055C862 /* DataStructure */,
				D00E798A1C99C3250055C862 /* DataStructureTests */,
				D00E797D1C99C3250055C862 /* Products */,
			);
			sourceTree = "<group>";
		};
		D00E797D1C99C3250055C862 /* Products */ = {
			isa = PBXGroup;
			children = (
				D00E797C1C99C3250055C862 /* DataStructure.framework */,
				D00E79861C99C3250055C862 /* DataStructureTests.xctest */,
			);
			name = Products;
			sourceTree = "<group>";
		};
		D00E797E1C99C3250055C862 /* DataStructure */ = {
			isa = PBXGroup;
			children = (
				1902E87E274051CE00808B0B /* Queue */,
				1902E876274041B400808B0B /* Stack */,
				1902E86C273A5C3E00808B0B /* Google */,
				19B73081272F894F009E6C1C /* Shopify */,
				D0E65F851CCDF10C00913D9E /* BitWise */,
				D0E65F7D1CCDD6A100913D9E /* TicTacToe */,
				D0E65F751CCDCE9200913D9E /* String */,
				D0FEE1641CC8E98700DA2D76 /* LinkedList */,
				D0FEE1611CC878B700DA2D76 /* Utils */,
				D00FDAA11CBCAA97008E128C /* Array */,
				D04BABE01CAC12520085EB59 /*  RetailMeNot */,
				D09BDA971CA0CC86003C441B /* Cards */,
				D00E797F1C99C3250055C862 /* DataStructure.h */,
				D00E79811C99C3250055C862 /* Info.plist */,
				D00E79981C99C57B0055C862 /* Factorial.swift */,
				D0FEE15F1CC8741B00DA2D76 /* Fibonacci.swift */,
				D00E799A1C9BF27C0055C862 /* BasicFunctions.swift */,
				D0D598491CA04ACE00FB71FA /* Tree */,
				D0D393761CAC3DF80087497E /* Extension */,
			);
			path = DataStructure;
			sourceTree = "<group>";
		};
		D00E798A1C99C3250055C862 /* DataStructureTests */ = {
			isa = PBXGroup;
			children = (
				19018A752740562600113A8A /* Queue */,
				1902E879274042F400808B0B /* Stack */,
				1902E86F273A5C8400808B0B /* Google */,
				19D1C6FB2731A61E000602E1 /* Array */,
				19B73086272F8F0D009E6C1C /* Shopify */,
				D0E65F911CCF584700913D9E /* LinkedList */,
				D0E65F881CCDF21000913D9E /* BitWise */,
				D0E65F801CCDDE2B00913D9E /* TicTacToe */,
				D0E65F7A1CCDD20500913D9E /* Strings */,
				D00E798B1C99C3250055C862 /* DataStructureTests.swift */,
				D00E798D1C99C3250055C862 /* Info.plist */,
				D09BDA9A1CA1999B003C441B /* CardTests.swift */,
				D04BABE31CAC14110085EB59 /* RetailMeNotTests.swift */,
				D00FDAA41CBCB149008E128C /* SortingAlgorithmsTest.swift */,
			);
			path = DataStructureTests;
			sourceTree = "<group>";
		};
		D00FDAA11CBCAA97008E128C /* Array */ = {
			isa = PBXGroup;
			children = (
				D00FDAA21CBCAAB7008E128C /* SortingAlgorithms.swift */,
				D0E65F8F1CCF3B5800913D9E /* SecondLargestElements.swift */,
				19D1C6F92731A0A9000602E1 /* TowSum.swift */,
				19D1C6FE2731A969000602E1 /* AddTwoNumber_LinkedList.swift */,
				19D1C7062731ED6A000602E1 /* FindMedianSortedArray.swift */,
			);
			name = Array;
			sourceTree = "<group>";
		};
		D04BABE01CAC12520085EB59 /*  RetailMeNot */ = {
			isa = PBXGroup;
			children = (
				D04BABE11CAC12790085EB59 /* FreeShippingThresold.swift */,
				D0FEE15D1CC864EB00DA2D76 /* FizzBuzz.swift */,
			);
			name = " RetailMeNot";
			sourceTree = "<group>";
		};
		D09BDA971CA0CC86003C441B /* Cards */ = {
			isa = PBXGroup;
			children = (
				D09BDA981CA0CC9D003C441B /* Card.swift */,
			);
			name = Cards;
			sourceTree = "<group>";
		};
		D0D393761CAC3DF80087497E /* Extension */ = {
			isa = PBXGroup;
			children = (
				D0D393741CAC3DD30087497E /* IntExtension.swift */,
			);
			name = Extension;
			sourceTree = "<group>";
		};
		D0D598491CA04ACE00FB71FA /* Tree */ = {
			isa = PBXGroup;
			children = (
				D0D598471CA04AC400FB71FA /* BinarySearchTree.swift */,
			);
			name = Tree;
			sourceTree = "<group>";
		};
		D0E65F751CCDCE9200913D9E /* String */ = {
			isa = PBXGroup;
			children = (
				D0E65F781CCDCEC900913D9E /* Anagram.swift */,
				D0E65F761CCDCEA500913D9E /* StringProblems.swift */,
				D0E65F8B1CCDF74700913D9E /* NumberToWords.swift */,
				D0E65F8D1CCF292300913D9E /* ReverseTheWord.swift */,
				19D1C7022731DD86000602E1 /* LongestSubstring.swift */,
				1902E864273A443A00808B0B /* ZigzagConversion.swift */,
				1902E868273A53D400808B0B /* Palindrome.swift */,
			);
			name = String;
			sourceTree = "<group>";
		};
		D0E65F7A1CCDD20500913D9E /* Strings */ = {
			isa = PBXGroup;
			children = (
				D0E65F7B1CCDD21F00913D9E /* StringTests.swift */,
				19D1C7042731E510000602E1 /* LongestSubstringTest.swift */,
				1902E866273A46BA00808B0B /* ZigzagConversionTest.swift */,
				1902E86A273A541600808B0B /* PalindromeTest.swift */,
			);
			name = Strings;
			sourceTree = "<group>";
		};
		D0E65F7D1CCDD6A100913D9E /* TicTacToe */ = {
			isa = PBXGroup;
			children = (
				D0E65F7E1CCDD6BC00913D9E /* TicTacToe.swift */,
			);
			name = TicTacToe;
			sourceTree = "<group>";
		};
		D0E65F801CCDDE2B00913D9E /* TicTacToe */ = {
			isa = PBXGroup;
			children = (
				D0E65F811CCDDE4300913D9E /* TicTacToeTest.swift */,
			);
			name = TicTacToe;
			sourceTree = "<group>";
		};
		D0E65F851CCDF10C00913D9E /* BitWise */ = {
			isa = PBXGroup;
			children = (
				D0E65F861CCDF12000913D9E /* BitWiseOperations.swift */,
			);
			name = BitWise;
			sourceTree = "<group>";
		};
		D0E65F881CCDF21000913D9E /* BitWise */ = {
			isa = PBXGroup;
			children = (
				D0E65F891CCDF22D00913D9E /* BitWiseOperationsTest.swift */,
			);
			name = BitWise;
			sourceTree = "<group>";
		};
		D0E65F911CCF584700913D9E /* LinkedList */ = {
			isa = PBXGroup;
			children = (
				D0E65F921CCF585E00913D9E /* LinkedListTests.swift */,
			);
			name = LinkedList;
			sourceTree = "<group>";
		};
		D0FEE1611CC878B700DA2D76 /* Utils */ = {
			isa = PBXGroup;
			children = (
				D0FEE1621CC878CD00DA2D76 /* Utils.swift */,
				D0E65F831CCDDED000913D9E /* ReflectedStringConvertible.swift */,
			);
			name = Utils;
			sourceTree = "<group>";
		};
		D0FEE1641CC8E98700DA2D76 /* LinkedList */ = {
			isa = PBXGroup;
			children = (
				D0FEE1651CC8E9A300DA2D76 /* LRUCache.swift */,
			);
			name = LinkedList;
			sourceTree = "<group>";
		};
/* End PBXGroup section */

/* Begin PBXHeadersBuildPhase section */
		D00E79791C99C3250055C862 /* Headers */ = {
			isa = PBXHeadersBuildPhase;
			buildActionMask = 2147483647;
			files = (
				D00E79801C99C3250055C862 /* DataStructure.h in Headers */,
			);
			runOnlyForDeploymentPostprocessing = 0;
		};
/* End PBXHeadersBuildPhase section */

/* Begin PBXNativeTarget section */
		D00E797B1C99C3250055C862 /* DataStructure */ = {
			isa = PBXNativeTarget;
			buildConfigurationList = D00E79901C99C3250055C862 /* Build configuration list for PBXNativeTarget "DataStructure" */;
			buildPhases = (
				D00E79771C99C3250055C862 /* Sources */,
				D00E79781C99C3250055C862 /* Frameworks */,
				D00E79791C99C3250055C862 /* Headers */,
				D00E797A1C99C3250055C862 /* Resources */,
			);
			buildRules = (
			);
			dependencies = (
			);
			name = DataStructure;
			productName = DataStructure;
			productReference = D00E797C1C99C3250055C862 /* DataStructure.framework */;
			productType = "com.apple.product-type.framework";
		};
		D00E79851C99C3250055C862 /* DataStructureTests */ = {
			isa = PBXNativeTarget;
			buildConfigurationList = D00E79931C99C3250055C862 /* Build configuration list for PBXNativeTarget "DataStructureTests" */;
			buildPhases = (
				D00E79821C99C3250055C862 /* Sources */,
				D00E79831C99C3250055C862 /* Frameworks */,
				D00E79841C99C3250055C862 /* Resources */,
			);
			buildRules = (
			);
			dependencies = (
				D00E79891C99C3250055C862 /* PBXTargetDependency */,
			);
			name = DataStructureTests;
			productName = DataStructureTests;
			productReference = D00E79861C99C3250055C862 /* DataStructureTests.xctest */;
			productType = "com.apple.product-type.bundle.unit-test";
		};
/* End PBXNativeTarget section */

/* Begin PBXProject section */
		D00E79731C99C3250055C862 /* Project object */ = {
			isa = PBXProject;
			attributes = {
				LastSwiftUpdateCheck = 0720;
				LastUpgradeCheck = 1250;
				ORGANIZATIONNAME = jigneshsheth.com;
				TargetAttributes = {
					D00E797B1C99C3250055C862 = {
						CreatedOnToolsVersion = 7.2.1;
					};
					D00E79851C99C3250055C862 = {
						CreatedOnToolsVersion = 7.2.1;
					};
				};
			};
			buildConfigurationList = D00E79761C99C3250055C862 /* Build configuration list for PBXProject "DataStructure" */;
			compatibilityVersion = "Xcode 3.2";
			developmentRegion = en;
			hasScannedForEncodings = 0;
			knownRegions = (
				en,
				Base,
			);
			mainGroup = D00E79721C99C3250055C862;
			productRefGroup = D00E797D1C99C3250055C862 /* Products */;
			projectDirPath = "";
			projectRoot = "";
			targets = (
				D00E797B1C99C3250055C862 /* DataStructure */,
				D00E79851C99C3250055C862 /* DataStructureTests */,
			);
		};
/* End PBXProject section */

/* Begin PBXResourcesBuildPhase section */
		D00E797A1C99C3250055C862 /* Resources */ = {
			isa = PBXResourcesBuildPhase;
			buildActionMask = 2147483647;
			files = (
			);
			runOnlyForDeploymentPostprocessing = 0;
		};
		D00E79841C99C3250055C862 /* Resources */ = {
			isa = PBXResourcesBuildPhase;
			buildActionMask = 2147483647;
			files = (
			);
			runOnlyForDeploymentPostprocessing = 0;
		};
/* End PBXResourcesBuildPhase section */

/* Begin PBXSourcesBuildPhase section */
		D00E79771C99C3250055C862 /* Sources */ = {
			isa = PBXSourcesBuildPhase;
			buildActionMask = 2147483647;
			files = (
				1902E86E273A5C5D00808B0B /* UniqueEmailAddresses.swift in Sources */,
				D0FEE1661CC8E9A300DA2D76 /* LRUCache.swift in Sources */,
				1902E869273A53D400808B0B /* Palindrome.swift in Sources */,
				D0FEE1601CC8741B00DA2D76 /* Fibonacci.swift in Sources */,
				D04BABE21CAC12790085EB59 /* FreeShippingThresold.swift in Sources */,
				D0D598481CA04AC400FB71FA /* BinarySearchTree.swift in Sources */,
				19D1C70B2732FDBF000602E1 /* ProductDataSorting.swift in Sources */,
				D0D393751CAC3DD30087497E /* IntExtension.swift in Sources */,
				D00FDAA31CBCAAB7008E128C /* SortingAlgorithms.swift in Sources */,
				D0E65F8E1CCF292300913D9E /* ReverseTheWord.swift in Sources */,
				D0E65F7F1CCDD6BC00913D9E /* TicTacToe.swift in Sources */,
				19D1C7072731ED6A000602E1 /* FindMedianSortedArray.swift in Sources */,
				1902E863273454EB00808B0B /* ProductRating.swift in Sources */,
				D0E65F901CCF3B5800913D9E /* SecondLargestElements.swift in Sources */,
				19D1C6FF2731A969000602E1 /* AddTwoNumber_LinkedList.swift in Sources */,
				D00E799B1C9BF27C0055C862 /* BasicFunctions.swift in Sources */,
				D0E65F791CCDCEC900913D9E /* Anagram.swift in Sources */,
				D0E65F771CCDCEA500913D9E /* StringProblems.swift in Sources */,
				D0FEE15E1CC864EB00DA2D76 /* FizzBuzz.swift in Sources */,
				19D1C7032731DD86000602E1 /* LongestSubstring.swift in Sources */,
				D0FEE1631CC878CD00DA2D76 /* Utils.swift in Sources */,
				D0E65F8C1CCDF74700913D9E /* NumberToWords.swift in Sources */,
				19D1C6F527303DA2000602E1 /* IDCodeVerification.swift in Sources */,
				19B73085272F89CC009E6C1C /* Spacecraft.swift in Sources */,
				D09BDA991CA0CC9D003C441B /* Card.swift in Sources */,
				1902E880274051DE00808B0B /* Queue.swift in Sources */,
				19D1C6FA2731A0A9000602E1 /* TowSum.swift in Sources */,
				D0E65F871CCDF12000913D9E /* BitWiseOperations.swift in Sources */,
				D0E65F841CCDDED000913D9E /* ReflectedStringConvertible.swift in Sources */,
				1902E878274041C600808B0B /* Stack.swift in Sources */,
				D00E79991C99C57B0055C862 /* Factorial.swift in Sources */,
				1902E865273A443A00808B0B /* ZigzagConversion.swift in Sources */,
				1902E873273A669E00808B0B /* LicenseKeyFormatting.swift in Sources */,
			);
			runOnlyForDeploymentPostprocessing = 0;
		};
		D00E79821C99C3250055C862 /* Sources */ = {
			isa = PBXSourcesBuildPhase;
			buildActionMask = 2147483647;
			files = (
				1902E867273A46BA00808B0B /* ZigzagConversionTest.swift in Sources */,
				D0E65F821CCDDE4300913D9E /* TicTacToeTest.swift in Sources */,
				19018A792740613700113A8A /* BoardGameManagerTest.swift in Sources */,
				19B73088272F8F26009E6C1C /* SpacecraftTest.swift in Sources */,
				19D1C6FD2731A634000602E1 /* TwoSumTest.swift in Sources */,
				1902E86B273A541600808B0B /* PalindromeTest.swift in Sources */,
				D04BABE41CAC14110085EB59 /* RetailMeNotTests.swift in Sources */,
				19D1C7052731E510000602E1 /* LongestSubstringTest.swift in Sources */,
				D0E65F7C1CCDD21F00913D9E /* StringTests.swift in Sources */,
				1902E87D27404BFC00808B0B /* StackChallengeTestCase.swift in Sources */,
				1902E871273A5C9800808B0B /* UniqueEmailAddressesTest.swift in Sources */,
				D00E798C1C99C3250055C862 /* DataStructureTests.swift in Sources */,
				19D1C6F827303E57000602E1 /* IDVerificationTest.swift in Sources */,
				D0E65F8A1CCDF22D00913D9E /* BitWiseOperationsTest.swift in Sources */,
				19D1C6F627303DA2000602E1 /* IDCodeVerification.swift in Sources */,
				1902E7F82733B52700808B0B /* ProductSortingTest.swift in Sources */,
				1902E87B2740430700808B0B /* StackTest.swift in Sources */,
				D09BDA9B1CA1999B003C441B /* CardTests.swift in Sources */,
				19D1C7092731EF1B000602E1 /* FindMedianSortedArrayTest.swift in Sources */,
				1902E875273A66D000808B0B /* LicenseKeyFormattingTest.swift in Sources */,
				D0E65F931CCF585E00913D9E /* LinkedListTests.swift in Sources */,
				19018A772740565300113A8A /* QueueTest.swift in Sources */,
				19D1C7012731AD8F000602E1 /* AddTwoNumber_LinkedList_Test.swift in Sources */,
				D00FDAA51CBCB149008E128C /* SortingAlgorithmsTest.swift in Sources */,
			);
			runOnlyForDeploymentPostprocessing = 0;
		};
/* End PBXSourcesBuildPhase section */

/* Begin PBXTargetDependency section */
		D00E79891C99C3250055C862 /* PBXTargetDependency */ = {
			isa = PBXTargetDependency;
			target = D00E797B1C99C3250055C862 /* DataStructure */;
			targetProxy = D00E79881C99C3250055C862 /* PBXContainerItemProxy */;
		};
/* End PBXTargetDependency section */

/* Begin XCBuildConfiguration section */
		D00E798E1C99C3250055C862 /* Debug */ = {
			isa = XCBuildConfiguration;
			buildSettings = {
				ALWAYS_SEARCH_USER_PATHS = NO;
				CLANG_ANALYZER_LOCALIZABILITY_NONLOCALIZED = YES;
				CLANG_CXX_LANGUAGE_STANDARD = "gnu++0x";
				CLANG_CXX_LIBRARY = "libc++";
				CLANG_ENABLE_MODULES = YES;
				CLANG_ENABLE_OBJC_ARC = YES;
				CLANG_WARN_BLOCK_CAPTURE_AUTORELEASING = YES;
				CLANG_WARN_BOOL_CONVERSION = YES;
				CLANG_WARN_COMMA = YES;
				CLANG_WARN_CONSTANT_CONVERSION = YES;
				CLANG_WARN_DEPRECATED_OBJC_IMPLEMENTATIONS = YES;
				CLANG_WARN_DIRECT_OBJC_ISA_USAGE = YES_ERROR;
				CLANG_WARN_EMPTY_BODY = YES;
				CLANG_WARN_ENUM_CONVERSION = YES;
				CLANG_WARN_INFINITE_RECURSION = YES;
				CLANG_WARN_INT_CONVERSION = YES;
				CLANG_WARN_NON_LITERAL_NULL_CONVERSION = YES;
				CLANG_WARN_OBJC_IMPLICIT_RETAIN_SELF = YES;
				CLANG_WARN_OBJC_LITERAL_CONVERSION = YES;
				CLANG_WARN_OBJC_ROOT_CLASS = YES_ERROR;
				CLANG_WARN_QUOTED_INCLUDE_IN_FRAMEWORK_HEADER = YES;
				CLANG_WARN_RANGE_LOOP_ANALYSIS = YES;
				CLANG_WARN_STRICT_PROTOTYPES = YES;
				CLANG_WARN_SUSPICIOUS_MOVE = YES;
				CLANG_WARN_UNREACHABLE_CODE = YES;
				CLANG_WARN__DUPLICATE_METHOD_MATCH = YES;
				"CODE_SIGN_IDENTITY[sdk=iphoneos*]" = "iPhone Developer";
				COPY_PHASE_STRIP = NO;
				CURRENT_PROJECT_VERSION = 1;
				DEBUG_INFORMATION_FORMAT = dwarf;
				ENABLE_STRICT_OBJC_MSGSEND = YES;
				ENABLE_TESTABILITY = YES;
				GCC_C_LANGUAGE_STANDARD = gnu99;
				GCC_DYNAMIC_NO_PIC = NO;
				GCC_NO_COMMON_BLOCKS = YES;
				GCC_OPTIMIZATION_LEVEL = 0;
				GCC_PREPROCESSOR_DEFINITIONS = (
					"DEBUG=1",
					"$(inherited)",
				);
				GCC_WARN_64_TO_32_BIT_CONVERSION = YES;
				GCC_WARN_ABOUT_RETURN_TYPE = YES_ERROR;
				GCC_WARN_UNDECLARED_SELECTOR = YES;
				GCC_WARN_UNINITIALIZED_AUTOS = YES_AGGRESSIVE;
				GCC_WARN_UNUSED_FUNCTION = YES;
				GCC_WARN_UNUSED_VARIABLE = YES;
				IPHONEOS_DEPLOYMENT_TARGET = 14.5;
				MTL_ENABLE_DEBUG_INFO = YES;
				ONLY_ACTIVE_ARCH = YES;
				SDKROOT = iphoneos;
				SWIFT_OPTIMIZATION_LEVEL = "-Onone";
				TARGETED_DEVICE_FAMILY = "1,2";
				VERSIONING_SYSTEM = "apple-generic";
				VERSION_INFO_PREFIX = "";
			};
			name = Debug;
		};
		D00E798F1C99C3250055C862 /* Release */ = {
			isa = XCBuildConfiguration;
			buildSettings = {
				ALWAYS_SEARCH_USER_PATHS = NO;
				CLANG_ANALYZER_LOCALIZABILITY_NONLOCALIZED = YES;
				CLANG_CXX_LANGUAGE_STANDARD = "gnu++0x";
				CLANG_CXX_LIBRARY = "libc++";
				CLANG_ENABLE_MODULES = YES;
				CLANG_ENABLE_OBJC_ARC = YES;
				CLANG_WARN_BLOCK_CAPTURE_AUTORELEASING = YES;
				CLANG_WARN_BOOL_CONVERSION = YES;
				CLANG_WARN_COMMA = YES;
				CLANG_WARN_CONSTANT_CONVERSION = YES;
				CLANG_WARN_DEPRECATED_OBJC_IMPLEMENTATIONS = YES;
				CLANG_WARN_DIRECT_OBJC_ISA_USAGE = YES_ERROR;
				CLANG_WARN_EMPTY_BODY = YES;
				CLANG_WARN_ENUM_CONVERSION = YES;
				CLANG_WARN_INFINITE_RECURSION = YES;
				CLANG_WARN_INT_CONVERSION = YES;
				CLANG_WARN_NON_LITERAL_NULL_CONVERSION = YES;
				CLANG_WARN_OBJC_IMPLICIT_RETAIN_SELF = YES;
				CLANG_WARN_OBJC_LITERAL_CONVERSION = YES;
				CLANG_WARN_OBJC_ROOT_CLASS = YES_ERROR;
				CLANG_WARN_QUOTED_INCLUDE_IN_FRAMEWORK_HEADER = YES;
				CLANG_WARN_RANGE_LOOP_ANALYSIS = YES;
				CLANG_WARN_STRICT_PROTOTYPES = YES;
				CLANG_WARN_SUSPICIOUS_MOVE = YES;
				CLANG_WARN_UNREACHABLE_CODE = YES;
				CLANG_WARN__DUPLICATE_METHOD_MATCH = YES;
				"CODE_SIGN_IDENTITY[sdk=iphoneos*]" = "iPhone Developer";
				COPY_PHASE_STRIP = NO;
				CURRENT_PROJECT_VERSION = 1;
				DEBUG_INFORMATION_FORMAT = "dwarf-with-dsym";
				ENABLE_NS_ASSERTIONS = NO;
				ENABLE_STRICT_OBJC_MSGSEND = YES;
				GCC_C_LANGUAGE_STANDARD = gnu99;
				GCC_NO_COMMON_BLOCKS = YES;
				GCC_WARN_64_TO_32_BIT_CONVERSION = YES;
				GCC_WARN_ABOUT_RETURN_TYPE = YES_ERROR;
				GCC_WARN_UNDECLARED_SELECTOR = YES;
				GCC_WARN_UNINITIALIZED_AUTOS = YES_AGGRESSIVE;
				GCC_WARN_UNUSED_FUNCTION = YES;
				GCC_WARN_UNUSED_VARIABLE = YES;
				IPHONEOS_DEPLOYMENT_TARGET = 14.5;
				MTL_ENABLE_DEBUG_INFO = NO;
				SDKROOT = iphoneos;
				SWIFT_COMPILATION_MODE = wholemodule;
				SWIFT_OPTIMIZATION_LEVEL = "-Owholemodule";
				TARGETED_DEVICE_FAMILY = "1,2";
				VALIDATE_PRODUCT = YES;
				VERSIONING_SYSTEM = "apple-generic";
				VERSION_INFO_PREFIX = "";
			};
			name = Release;
		};
		D00E79911C99C3250055C862 /* Debug */ = {
			isa = XCBuildConfiguration;
			buildSettings = {
				CLANG_ENABLE_MODULES = YES;
				CLANG_ENABLE_OBJC_WEAK = YES;
				"CODE_SIGN_IDENTITY[sdk=iphoneos*]" = "";
				DEFINES_MODULE = YES;
				DYLIB_COMPATIBILITY_VERSION = 1;
				DYLIB_CURRENT_VERSION = 1;
				DYLIB_INSTALL_NAME_BASE = "@rpath";
				INFOPLIST_FILE = DataStructure/Info.plist;
				INSTALL_PATH = "$(LOCAL_LIBRARY_DIR)/Frameworks";
				LD_RUNPATH_SEARCH_PATHS = "$(inherited) @executable_path/Frameworks @loader_path/Frameworks";
				PRODUCT_BUNDLE_IDENTIFIER = com.jigneshsheth.DataStructure;
				PRODUCT_NAME = "$(TARGET_NAME)";
				SKIP_INSTALL = YES;
				SWIFT_OPTIMIZATION_LEVEL = "-Onone";
				SWIFT_VERSION = 5.0;
			};
			name = Debug;
		};
		D00E79921C99C3250055C862 /* Release */ = {
			isa = XCBuildConfiguration;
			buildSettings = {
				CLANG_ENABLE_MODULES = YES;
				CLANG_ENABLE_OBJC_WEAK = YES;
				"CODE_SIGN_IDENTITY[sdk=iphoneos*]" = "";
				DEFINES_MODULE = YES;
				DYLIB_COMPATIBILITY_VERSION = 1;
				DYLIB_CURRENT_VERSION = 1;
				DYLIB_INSTALL_NAME_BASE = "@rpath";
				INFOPLIST_FILE = DataStructure/Info.plist;
				INSTALL_PATH = "$(LOCAL_LIBRARY_DIR)/Frameworks";
				LD_RUNPATH_SEARCH_PATHS = "$(inherited) @executable_path/Frameworks @loader_path/Frameworks";
				PRODUCT_BUNDLE_IDENTIFIER = com.jigneshsheth.DataStructure;
				PRODUCT_NAME = "$(TARGET_NAME)";
				SKIP_INSTALL = YES;
				SWIFT_VERSION = 5.0;
			};
			name = Release;
		};
		D00E79941C99C3250055C862 /* Debug */ = {
			isa = XCBuildConfiguration;
			buildSettings = {
				CLANG_ENABLE_OBJC_WEAK = YES;
				INFOPLIST_FILE = DataStructureTests/Info.plist;
				LD_RUNPATH_SEARCH_PATHS = "$(inherited) @executable_path/Frameworks @loader_path/Frameworks";
				PRODUCT_BUNDLE_IDENTIFIER = com.jigneshsheth.DataStructureTests;
				PRODUCT_NAME = "$(TARGET_NAME)";
				SWIFT_VERSION = 5.0;
			};
			name = Debug;
		};
		D00E79951C99C3250055C862 /* Release */ = {
			isa = XCBuildConfiguration;
			buildSettings = {
				CLANG_ENABLE_OBJC_WEAK = YES;
				INFOPLIST_FILE = DataStructureTests/Info.plist;
				LD_RUNPATH_SEARCH_PATHS = "$(inherited) @executable_path/Frameworks @loader_path/Frameworks";
				PRODUCT_BUNDLE_IDENTIFIER = com.jigneshsheth.DataStructureTests;
				PRODUCT_NAME = "$(TARGET_NAME)";
				SWIFT_VERSION = 5.0;
			};
			name = Release;
		};
/* End XCBuildConfiguration section */

/* Begin XCConfigurationList section */
		D00E79761C99C3250055C862 /* Build configuration list for PBXProject "DataStructure" */ = {
			isa = XCConfigurationList;
			buildConfigurations = (
				D00E798E1C99C3250055C862 /* Debug */,
				D00E798F1C99C3250055C862 /* Release */,
			);
			defaultConfigurationIsVisible = 0;
			defaultConfigurationName = Release;
		};
		D00E79901C99C3250055C862 /* Build configuration list for PBXNativeTarget "DataStructure" */ = {
			isa = XCConfigurationList;
			buildConfigurations = (
				D00E79911C99C3250055C862 /* Debug */,
				D00E79921C99C3250055C862 /* Release */,
			);
			defaultConfigurationIsVisible = 0;
			defaultConfigurationName = Release;
		};
		D00E79931C99C3250055C862 /* Build configuration list for PBXNativeTarget "DataStructureTests" */ = {
			isa = XCConfigurationList;
			buildConfigurations = (
				D00E79941C99C3250055C862 /* Debug */,
				D00E79951C99C3250055C862 /* Release */,
			);
			defaultConfigurationIsVisible = 0;
			defaultConfigurationName = Release;
		};
/* End XCConfigurationList section */
	};
	rootObject = D00E79731C99C3250055C862 /* Project object */;
}
